
Microsoft Visual Studio Solution File, Format Version 12.00
# Visual Studio Version 17
VisualStudioVersion = 17.0.31903.59
MinimumVisualStudioVersion = 10.0.40219.1
Project("{FAE04EC0-301F-11D3-BF4B-00C04F79EFBC}") = "DnD_CO", "DnD_Character_Overview\DnD_CO.csproj", "{F3AAA31A-AE25-4B18-9AE1-7C6F1471CB28}"
EndProject
Global
	GlobalSection(SolutionConfigurationPlatforms) = preSolution
		Debug|Any CPU = Debug|Any CPU
		Release|Any CPU = Release|Any CPU
	EndGlobalSection
	GlobalSection(SolutionProperties) = preSolution
		HideSolutionNode = FALSE
	EndGlobalSection
	GlobalSection(ProjectConfigurationPlatforms) = postSolution
		{F3AAA31A-AE25-4B18-9AE1-7C6F1471CB28}.Debug|Any CPU.ActiveCfg = Debug|Any CPU
		{F3AAA31A-AE25-4B18-9AE1-7C6F1471CB28}.Debug|Any CPU.Build.0 = Debug|Any CPU
		{F3AAA31A-AE25-4B18-9AE1-7C6F1471CB28}.Release|Any CPU.ActiveCfg = Release|Any CPU
		{F3AAA31A-AE25-4B18-9AE1-7C6F1471CB28}.Release|Any CPU.Build.0 = Release|Any CPU
	EndGlobalSection
EndGlobal
